// !$*UTF8*$!
{
	archiveVersion = 1;
	classes = {
	};
	objectVersion = 46;
	objects = {

/* Begin PBXBuildFile section */
		747B71791F048B88001F6A6F /* SectionHeader.swift in Sources */ = {isa = PBXBuildFile; fileRef = 747B71781F048B88001F6A6F /* SectionHeader.swift */; };
		747B717D1F048C26001F6A6F /* MapViewController.swift in Sources */ = {isa = PBXBuildFile; fileRef = 747B717C1F048C26001F6A6F /* MapViewController.swift */; };
		76858E2A19B8A176006A446D /* AppDelegate.swift in Sources */ = {isa = PBXBuildFile; fileRef = 76858E2919B8A176006A446D /* AppDelegate.swift */; };
		76858E2C19B8A176006A446D /* ViewController.swift in Sources */ = {isa = PBXBuildFile; fileRef = 76858E2B19B8A176006A446D /* ViewController.swift */; };
		76858E2F19B8A176006A446D /* Main.storyboard in Resources */ = {isa = PBXBuildFile; fileRef = 76858E2D19B8A176006A446D /* Main.storyboard */; };
		76858E3119B8A176006A446D /* Images.xcassets in Resources */ = {isa = PBXBuildFile; fileRef = 76858E3019B8A176006A446D /* Images.xcassets */; };
		76858E3D19B8A176006A446D /* UICollectionViewTests.swift in Sources */ = {isa = PBXBuildFile; fileRef = 76858E3C19B8A176006A446D /* UICollectionViewTests.swift */; };
		76858E4819B8A37E006A446D /* CollectionViewCell.swift in Sources */ = {isa = PBXBuildFile; fileRef = 76858E4619B8A37E006A446D /* CollectionViewCell.swift */; };
/* End PBXBuildFile section */

/* Begin PBXContainerItemProxy section */
		76858E3719B8A176006A446D /* PBXContainerItemProxy */ = {
			isa = PBXContainerItemProxy;
			containerPortal = 76858E1C19B8A176006A446D /* Project object */;
			proxyType = 1;
			remoteGlobalIDString = 76858E2319B8A176006A446D;
			remoteInfo = UICollectionView;
		};
/* End PBXContainerItemProxy section */

/* Begin PBXFileReference section */
		747B71781F048B88001F6A6F /* SectionHeader.swift */ = {isa = PBXFileReference; fileEncoding = 4; lastKnownFileType = sourcecode.swift; name = SectionHeader.swift; path = UICollectionView/SectionHeader.swift; sourceTree = "<group>"; };
		747B717C1F048C26001F6A6F /* MapViewController.swift */ = {isa = PBXFileReference; fileEncoding = 4; lastKnownFileType = sourcecode.swift; path = MapViewController.swift; sourceTree = "<group>"; };
		76858E2419B8A176006A446D /* UICollectionView.app */ = {isa = PBXFileReference; explicitFileType = wrapper.application; includeInIndex = 0; path = UICollectionView.app; sourceTree = BUILT_PRODUCTS_DIR; };
		76858E2819B8A176006A446D /* Info.plist */ = {isa = PBXFileReference; lastKnownFileType = text.plist.xml; path = Info.plist; sourceTree = "<group>"; };
		76858E2919B8A176006A446D /* AppDelegate.swift */ = {isa = PBXFileReference; lastKnownFileType = sourcecode.swift; path = AppDelegate.swift; sourceTree = "<group>"; };
		76858E2B19B8A176006A446D /* ViewController.swift */ = {isa = PBXFileReference; lastKnownFileType = sourcecode.swift; path = ViewController.swift; sourceTree = "<group>"; };
		76858E2E19B8A176006A446D /* Base */ = {isa = PBXFileReference; lastKnownFileType = file.storyboard; name = Base; path = Base.lproj/Main.storyboard; sourceTree = "<group>"; };
		76858E3019B8A176006A446D /* Images.xcassets */ = {isa = PBXFileReference; lastKnownFileType = folder.assetcatalog; path = Images.xcassets; sourceTree = "<group>"; };
		76858E3619B8A176006A446D /* UICollectionViewTests.xctest */ = {isa = PBXFileReference; explicitFileType = wrapper.cfbundle; includeInIndex = 0; path = UICollectionViewTests.xctest; sourceTree = BUILT_PRODUCTS_DIR; };
		76858E3B19B8A176006A446D /* Info.plist */ = {isa = PBXFileReference; lastKnownFileType = text.plist.xml; path = Info.plist; sourceTree = "<group>"; };
		76858E3C19B8A176006A446D /* UICollectionViewTests.swift */ = {isa = PBXFileReference; lastKnownFileType = sourcecode.swift; path = UICollectionViewTests.swift; sourceTree = "<group>"; };
		76858E4619B8A37E006A446D /* CollectionViewCell.swift */ = {isa = PBXFileReference; fileEncoding = 4; lastKnownFileType = sourcecode.swift; name = CollectionViewCell.swift; path = UICollectionView/CollectionViewCell.swift; sourceTree = "<group>"; };
/* End PBXFileReference section */

/* Begin PBXFrameworksBuildPhase section */
		76858E2119B8A176006A446D /* Frameworks */ = {
			isa = PBXFrameworksBuildPhase;
			buildActionMask = 2147483647;
			files = (
			);
			runOnlyForDeploymentPostprocessing = 0;
		};
		76858E3319B8A176006A446D /* Frameworks */ = {
			isa = PBXFrameworksBuildPhase;
			buildActionMask = 2147483647;
			files = (
			);
			runOnlyForDeploymentPostprocessing = 0;
		};
/* End PBXFrameworksBuildPhase section */

/* Begin PBXGroup section */
		7430DE281F0479980075BAD2 /* ViewController */ = {
			isa = PBXGroup;
			children = (
				76858E2B19B8A176006A446D /* ViewController.swift */,
				747B717C1F048C26001F6A6F /* MapViewController.swift */,
			);
			name = ViewController;
			sourceTree = "<group>";
		};
		747B71771F048B24001F6A6F /* View */ = {
			isa = PBXGroup;
			children = (
				76858E4619B8A37E006A446D /* CollectionViewCell.swift */,
				747B71781F048B88001F6A6F /* SectionHeader.swift */,
			);
			name = View;
			path = ..;
			sourceTree = "<group>";
		};
		747B717A1F048BBC001F6A6F /* Resources */ = {
			isa = PBXGroup;
			children = (
				76858E2D19B8A176006A446D /* Main.storyboard */,
				76858E3019B8A176006A446D /* Images.xcassets */,
			);
			name = Resources;
			sourceTree = "<group>";
		};
		747B717B1F048BD4001F6A6F /* App */ = {
			isa = PBXGroup;
			children = (
				76858E2919B8A176006A446D /* AppDelegate.swift */,
			);
			name = App;
			sourceTree = "<group>";
		};
		76858E1B19B8A176006A446D = {
			isa = PBXGroup;
			children = (
				76858E2619B8A176006A446D /* UICollectionView */,
				76858E3919B8A176006A446D /* UICollectionViewTests */,
				76858E2519B8A176006A446D /* Products */,
			);
			sourceTree = "<group>";
		};
		76858E2519B8A176006A446D /* Products */ = {
			isa = PBXGroup;
			children = (
				76858E2419B8A176006A446D /* UICollectionView.app */,
				76858E3619B8A176006A446D /* UICollectionViewTests.xctest */,
			);
			name = Products;
			sourceTree = "<group>";
		};
		76858E2619B8A176006A446D /* UICollectionView */ = {
			isa = PBXGroup;
			children = (
				747B717B1F048BD4001F6A6F /* App */,
				747B717A1F048BBC001F6A6F /* Resources */,
				747B71771F048B24001F6A6F /* View */,
				7430DE281F0479980075BAD2 /* ViewController */,
				76858E2719B8A176006A446D /* Supporting Files */,
			);
			path = UICollectionView;
			sourceTree = "<group>";
		};
		76858E2719B8A176006A446D /* Supporting Files */ = {
			isa = PBXGroup;
			children = (
				76858E2819B8A176006A446D /* Info.plist */,
			);
			name = "Supporting Files";
			sourceTree = "<group>";
		};
		76858E3919B8A176006A446D /* UICollectionViewTests */ = {
			isa = PBXGroup;
			children = (
				76858E3C19B8A176006A446D /* UICollectionViewTests.swift */,
				76858E3A19B8A176006A446D /* Supporting Files */,
			);
			path = UICollectionViewTests;
			sourceTree = "<group>";
		};
		76858E3A19B8A176006A446D /* Supporting Files */ = {
			isa = PBXGroup;
			children = (
				76858E3B19B8A176006A446D /* Info.plist */,
			);
			name = "Supporting Files";
			sourceTree = "<group>";
		};
/* End PBXGroup section */

/* Begin PBXNativeTarget section */
		76858E2319B8A176006A446D /* UICollectionView */ = {
			isa = PBXNativeTarget;
			buildConfigurationList = 76858E4019B8A176006A446D /* Build configuration list for PBXNativeTarget "UICollectionView" */;
			buildPhases = (
				76858E2019B8A176006A446D /* Sources */,
				76858E2119B8A176006A446D /* Frameworks */,
				76858E2219B8A176006A446D /* Resources */,
			);
			buildRules = (
			);
			dependencies = (
			);
			name = UICollectionView;
			productName = UICollectionView;
			productReference = 76858E2419B8A176006A446D /* UICollectionView.app */;
			productType = "com.apple.product-type.application";
		};
		76858E3519B8A176006A446D /* UICollectionViewTests */ = {
			isa = PBXNativeTarget;
			buildConfigurationList = 76858E4319B8A176006A446D /* Build configuration list for PBXNativeTarget "UICollectionViewTests" */;
			buildPhases = (
				76858E3219B8A176006A446D /* Sources */,
				76858E3319B8A176006A446D /* Frameworks */,
				76858E3419B8A176006A446D /* Resources */,
			);
			buildRules = (
			);
			dependencies = (
				76858E3819B8A176006A446D /* PBXTargetDependency */,
			);
			name = UICollectionViewTests;
			productName = UICollectionViewTests;
			productReference = 76858E3619B8A176006A446D /* UICollectionViewTests.xctest */;
			productType = "com.apple.product-type.bundle.unit-test";
		};
/* End PBXNativeTarget section */

/* Begin PBXProject section */
		76858E1C19B8A176006A446D /* Project object */ = {
			isa = PBXProject;
			attributes = {
				LastUpgradeCheck = 0600;
				ORGANIZATIONNAME = "Brian Coleman";
				TargetAttributes = {
					76858E2319B8A176006A446D = {
						CreatedOnToolsVersion = 6.0;
						DevelopmentTeam = C3K7W93VDC;
						LastSwiftMigration = 0830;
					};
					76858E3519B8A176006A446D = {
						CreatedOnToolsVersion = 6.0;
						LastSwiftMigration = 0830;
						TestTargetID = 76858E2319B8A176006A446D;
					};
				};
			};
			buildConfigurationList = 76858E1F19B8A176006A446D /* Build configuration list for PBXProject "UICollectionView" */;
			compatibilityVersion = "Xcode 3.2";
			developmentRegion = English;
			hasScannedForEncodings = 0;
			knownRegions = (
				en,
				Base,
			);
			mainGroup = 76858E1B19B8A176006A446D;
			productRefGroup = 76858E2519B8A176006A446D /* Products */;
			projectDirPath = "";
			projectRoot = "";
			targets = (
				76858E2319B8A176006A446D /* UICollectionView */,
				76858E3519B8A176006A446D /* UICollectionViewTests */,
			);
		};
/* End PBXProject section */

/* Begin PBXResourcesBuildPhase section */
		76858E2219B8A176006A446D /* Resources */ = {
			isa = PBXResourcesBuildPhase;
			buildActionMask = 2147483647;
			files = (
				76858E2F19B8A176006A446D /* Main.storyboard in Resources */,
				76858E3119B8A176006A446D /* Images.xcassets in Resources */,
			);
			runOnlyForDeploymentPostprocessing = 0;
		};
		76858E3419B8A176006A446D /* Resources */ = {
			isa = PBXResourcesBuildPhase;
			buildActionMask = 2147483647;
			files = (
			);
			runOnlyForDeploymentPostprocessing = 0;
		};
/* End PBXResourcesBuildPhase section */

/* Begin PBXSourcesBuildPhase section */
		76858E2019B8A176006A446D /* Sources */ = {
			isa = PBXSourcesBuildPhase;
			buildActionMask = 2147483647;
			files = (
				747B71791F048B88001F6A6F /* SectionHeader.swift in Sources */,
				76858E2C19B8A176006A446D /* ViewController.swift in Sources */,
				76858E2A19B8A176006A446D /* AppDelegate.swift in Sources */,
				747B717D1F048C26001F6A6F /* MapViewController.swift in Sources */,
				76858E4819B8A37E006A446D /* CollectionViewCell.swift in Sources */,
			);
			runOnlyForDeploymentPostprocessing = 0;
		};
		76858E3219B8A176006A446D /* Sources */ = {
			isa = PBXSourcesBuildPhase;
			buildActionMask = 2147483647;
			files = (
				76858E3D19B8A176006A446D /* UICollectionViewTests.swift in Sources */,
			);
			runOnlyForDeploymentPostprocessing = 0;
		};
/* End PBXSourcesBuildPhase section */

/* Begin PBXTargetDependency section */
		76858E3819B8A176006A446D /* PBXTargetDependency */ = {
			isa = PBXTargetDependency;
			target = 76858E2319B8A176006A446D /* UICollectionView */;
			targetProxy = 76858E3719B8A176006A446D /* PBXContainerItemProxy */;
		};
/* End PBXTargetDependency section */

/* Begin PBXVariantGroup section */
		76858E2D19B8A176006A446D /* Main.storyboard */ = {
			isa = PBXVariantGroup;
			children = (
				76858E2E19B8A176006A446D /* Base */,
			);
			name = Main.storyboard;
			sourceTree = "<group>";
		};
/* End PBXVariantGroup section */

/* Begin XCBuildConfiguration section */
		76858E3E19B8A176006A446D /* Debug */ = {
			isa = XCBuildConfiguration;
			buildSettings = {
				ALWAYS_SEARCH_USER_PATHS = NO;
				CLANG_CXX_LANGUAGE_STANDARD = "gnu++0x";
				CLANG_CXX_LIBRARY = "libc++";
				CLANG_ENABLE_MODULES = YES;
				CLANG_ENABLE_OBJC_ARC = YES;
				CLANG_WARN_BOOL_CONVERSION = YES;
				CLANG_WARN_CONSTANT_CONVERSION = YES;
				CLANG_WARN_DIRECT_OBJC_ISA_USAGE = YES_ERROR;
				CLANG_WARN_EMPTY_BODY = YES;
				CLANG_WARN_ENUM_CONVERSION = YES;
				CLANG_WARN_INT_CONVERSION = YES;
				CLANG_WARN_OBJC_ROOT_CLASS = YES_ERROR;
				CLANG_WARN_UNREACHABLE_CODE = YES;
				CLANG_WARN__DUPLICATE_METHOD_MATCH = YES;
				"CODE_SIGN_IDENTITY[sdk=iphoneos*]" = "iPhone Developer";
				COPY_PHASE_STRIP = NO;
				ENABLE_STRICT_OBJC_MSGSEND = YES;
				GCC_C_LANGUAGE_STANDARD = gnu99;
				GCC_DYNAMIC_NO_PIC = NO;
				GCC_OPTIMIZATION_LEVEL = 0;
				GCC_PREPROCESSOR_DEFINITIONS = (
					"DEBUG=1",
					"$(inherited)",
				);
				GCC_SYMBOLS_PRIVATE_EXTERN = NO;
				GCC_WARN_64_TO_32_BIT_CONVERSION = YES;
				GCC_WARN_ABOUT_RETURN_TYPE = YES_ERROR;
				GCC_WARN_UNDECLARED_SELECTOR = YES;
				GCC_WARN_UNINITIALIZED_AUTOS = YES_AGGRESSIVE;
				GCC_WARN_UNUSED_FUNCTION = YES;
				GCC_WARN_UNUSED_VARIABLE = YES;
				IPHONEOS_DEPLOYMENT_TARGET = 8.0;
				MTL_ENABLE_DEBUG_INFO = YES;
				ONLY_ACTIVE_ARCH = YES;
				SDKROOT = iphoneos;
				SWIFT_OPTIMIZATION_LEVEL = "-Onone";
			};
			name = Debug;
		};
		76858E3F19B8A176006A446D /* Release */ = {
			isa = XCBuildConfiguration;
			buildSettings = {
				ALWAYS_SEARCH_USER_PATHS = NO;
				CLANG_CXX_LANGUAGE_STANDARD = "gnu++0x";
				CLANG_CXX_LIBRARY = "libc++";
				CLANG_ENABLE_MODULES = YES;
				CLANG_ENABLE_OBJC_ARC = YES;
				CLANG_WARN_BOOL_CONVERSION = YES;
				CLANG_WARN_CONSTANT_CONVERSION = YES;
				CLANG_WARN_DIRECT_OBJC_ISA_USAGE = YES_ERROR;
				CLANG_WARN_EMPTY_BODY = YES;
				CLANG_WARN_ENUM_CONVERSION = YES;
				CLANG_WARN_INT_CONVERSION = YES;
				CLANG_WARN_OBJC_ROOT_CLASS = YES_ERROR;
				CLANG_WARN_UNREACHABLE_CODE = YES;
				CLANG_WARN__DUPLICATE_METHOD_MATCH = YES;
				"CODE_SIGN_IDENTITY[sdk=iphoneos*]" = "iPhone Developer";
				COPY_PHASE_STRIP = YES;
				ENABLE_NS_ASSERTIONS = NO;
				ENABLE_STRICT_OBJC_MSGSEND = YES;
				GCC_C_LANGUAGE_STANDARD = gnu99;
				GCC_WARN_64_TO_32_BIT_CONVERSION = YES;
				GCC_WARN_ABOUT_RETURN_TYPE = YES_ERROR;
				GCC_WARN_UNDECLARED_SELECTOR = YES;
				GCC_WARN_UNINITIALIZED_AUTOS = YES_AGGRESSIVE;
				GCC_WARN_UNUSED_FUNCTION = YES;
				GCC_WARN_UNUSED_VARIABLE = YES;
				IPHONEOS_DEPLOYMENT_TARGET = 8.0;
				MTL_ENABLE_DEBUG_INFO = NO;
				SDKROOT = iphoneos;
				VALIDATE_PRODUCT = YES;
			};
			name = Release;
		};
		76858E4119B8A176006A446D /* Debug */ = {
			isa = XCBuildConfiguration;
			buildSettings = {
				ASSETCATALOG_COMPILER_APPICON_NAME = AppIcon;
				ASSETCATALOG_COMPILER_LAUNCHIMAGE_NAME = LaunchImage;
				DEVELOPMENT_TEAM = C3K7W93VDC;
				INFOPLIST_FILE = UICollectionView/Info.plist;
				LD_RUNPATH_SEARCH_PATHS = "$(inherited) @executable_path/Frameworks";
				PRODUCT_BUNDLE_IDENTIFIER = com.ayakosayama.UICollectionView;
				PRODUCT_NAME = "$(TARGET_NAME)";
				SWIFT_VERSION = 3.0;
			};
			name = Debug;
		};
		76858E4219B8A176006A446D /* Release */ = {
			isa = XCBuildConfiguration;
			buildSettings = {
				ASSETCATALOG_COMPILER_APPICON_NAME = AppIcon;
				ASSETCATALOG_COMPILER_LAUNCHIMAGE_NAME = LaunchImage;
				DEVELOPMENT_TEAM = C3K7W93VDC;
				INFOPLIST_FILE = UICollectionView/Info.plist;
				LD_RUNPATH_SEARCH_PATHS = "$(inherited) @executable_path/Frameworks";
				PRODUCT_BUNDLE_IDENTIFIER = com.ayakosayama.UICollectionView;
				PRODUCT_NAME = "$(TARGET_NAME)";
				SWIFT_VERSION = 3.0;
			};
			name = Release;
		};
		76858E4419B8A176006A446D /* Debug */ = {
			isa = XCBuildConfiguration;
			buildSettings = {
				BUNDLE_LOADER = "$(TEST_HOST)";
				FRAMEWORK_SEARCH_PATHS = (
					"$(SDKROOT)/Developer/Library/Frameworks",
					"$(inherited)",
				);
				GCC_PREPROCESSOR_DEFINITIONS = (
					"DEBUG=1",
					"$(inherited)",
				);
				INFOPLIST_FILE = UICollectionViewTests/Info.plist;
				LD_RUNPATH_SEARCH_PATHS = "$(inherited) @executable_path/Frameworks @loader_path/Frameworks";
				PRODUCT_NAME = "$(TARGET_NAME)";
				SWIFT_VERSION = 3.0;
				TEST_HOST = "$(BUILT_PRODUCTS_DIR)/UICollectionView.app/UICollectionView";
			};
			name = Debug;
		};
		76858E4519B8A176006A446D /* Release */ = {
			isa = XCBuildConfiguration;
			buildSettings = {
				BUNDLE_LOADER = "$(TEST_HOST)";
				FRAMEWORK_SEARCH_PATHS = (
					"$(SDKROOT)/Developer/Library/Frameworks",
					"$(inherited)",
				);
				INFOPLIST_FILE = UICollectionViewTests/Info.plist;
				LD_RUNPATH_SEARCH_PATHS = "$(inherited) @executable_path/Frameworks @loader_path/Frameworks";
				PRODUCT_NAME = "$(TARGET_NAME)";
				SWIFT_VERSION = 3.0;
				TEST_HOST = "$(BUILT_PRODUCTS_DIR)/UICollectionView.app/UICollectionView";
			};
			name = Release;
		};
/* End XCBuildConfiguration section */

/* Begin XCConfigurationList section */
		76858E1F19B8A176006A446D /* Build configuration list for PBXProject "UICollectionView" */ = {
			isa = XCConfigurationList;
			buildConfigurations = (
				76858E3E19B8A176006A446D /* Debug */,
				76858E3F19B8A176006A446D /* Release */,
			);
			defaultConfigurationIsVisible = 0;
			defaultConfigurationName = Release;
		};
		76858E4019B8A176006A446D /* Build configuration list for PBXNativeTarget "UICollectionView" */ = {
			isa = XCConfigurationList;
			buildConfigurations = (
				76858E4119B8A176006A446D /* Debug */,
				76858E4219B8A176006A446D /* Release */,
			);
			defaultConfigurationIsVisible = 0;
			defaultConfigurationName = Release;
		};
		76858E4319B8A176006A446D /* Build configuration list for PBXNativeTarget "UICollectionViewTests" */ = {
			isa = XCConfigurationList;
			buildConfigurations = (
				76858E4419B8A176006A446D /* Debug */,
				76858E4519B8A176006A446D /* Release */,
			);
			defaultConfigurationIsVisible = 0;
			defaultConfigurationName = Release;
		};
/* End XCConfigurationList section */
	};
	rootObject = 76858E1C19B8A176006A446D /* Project object */;
}
