// !$*UTF8*$!
{
	archiveVersion = 1;
	classes = {
	};
	objectVersion = 46;
	objects = {

/* Begin PBXBuildFile section */
		74313A9A1EF7490E006A6053 /* AppDelegate.swift in Sources */ = {isa = PBXBuildFile; fileRef = 74313A991EF7490E006A6053 /* AppDelegate.swift */; };
		74313A9C1EF7490E006A6053 /* ViewController.swift in Sources */ = {isa = PBXBuildFile; fileRef = 74313A9B1EF7490E006A6053 /* ViewController.swift */; };
		74313A9F1EF7490E006A6053 /* Main.storyboard in Resources */ = {isa = PBXBuildFile; fileRef = 74313A9D1EF7490E006A6053 /* Main.storyboard */; };
		74313AA11EF7490E006A6053 /* Assets.xcassets in Resources */ = {isa = PBXBuildFile; fileRef = 74313AA01EF7490E006A6053 /* Assets.xcassets */; };
		74313AA41EF7490E006A6053 /* LaunchScreen.storyboard in Resources */ = {isa = PBXBuildFile; fileRef = 74313AA21EF7490E006A6053 /* LaunchScreen.storyboard */; };
		74313AAC1EF762B5006A6053 /* Location.swift in Sources */ = {isa = PBXBuildFile; fileRef = 74313AAB1EF762B5006A6053 /* Location.swift */; };
		74313AAE1EF763C0006A6053 /* DataMananger.swift in Sources */ = {isa = PBXBuildFile; fileRef = 74313AAD1EF763C0006A6053 /* DataMananger.swift */; };
/* End PBXBuildFile section */

/* Begin PBXFileReference section */
		74313A961EF7490E006A6053 /* MapPins.app */ = {isa = PBXFileReference; explicitFileType = wrapper.application; includeInIndex = 0; path = MapPins.app; sourceTree = BUILT_PRODUCTS_DIR; };
		74313A991EF7490E006A6053 /* AppDelegate.swift */ = {isa = PBXFileReference; lastKnownFileType = sourcecode.swift; path = AppDelegate.swift; sourceTree = "<group>"; };
		74313A9B1EF7490E006A6053 /* ViewController.swift */ = {isa = PBXFileReference; lastKnownFileType = sourcecode.swift; path = ViewController.swift; sourceTree = "<group>"; };
		74313A9E1EF7490E006A6053 /* Base */ = {isa = PBXFileReference; lastKnownFileType = file.storyboard; name = Base; path = Base.lproj/Main.storyboard; sourceTree = "<group>"; };
		74313AA01EF7490E006A6053 /* Assets.xcassets */ = {isa = PBXFileReference; lastKnownFileType = folder.assetcatalog; path = Assets.xcassets; sourceTree = "<group>"; };
		74313AA31EF7490E006A6053 /* Base */ = {isa = PBXFileReference; lastKnownFileType = file.storyboard; name = Base; path = Base.lproj/LaunchScreen.storyboard; sourceTree = "<group>"; };
		74313AA51EF7490E006A6053 /* Info.plist */ = {isa = PBXFileReference; lastKnownFileType = text.plist.xml; path = Info.plist; sourceTree = "<group>"; };
		74313AAB1EF762B5006A6053 /* Location.swift */ = {isa = PBXFileReference; fileEncoding = 4; lastKnownFileType = sourcecode.swift; path = Location.swift; sourceTree = "<group>"; };
		74313AAD1EF763C0006A6053 /* DataMananger.swift */ = {isa = PBXFileReference; fileEncoding = 4; lastKnownFileType = sourcecode.swift; path = DataMananger.swift; sourceTree = "<group>"; };
/* End PBXFileReference section */

/* Begin PBXFrameworksBuildPhase section */
		74313A931EF7490E006A6053 /* Frameworks */ = {
			isa = PBXFrameworksBuildPhase;
			buildActionMask = 2147483647;
			files = (
			);
			runOnlyForDeploymentPostprocessing = 0;
		};
/* End PBXFrameworksBuildPhase section */

/* Begin PBXGroup section */
		74313A8D1EF7490E006A6053 = {
			isa = PBXGroup;
			children = (
				74313A981EF7490E006A6053 /* MapPins */,
				74313A971EF7490E006A6053 /* Products */,
			);
			sourceTree = "<group>";
		};
		74313A971EF7490E006A6053 /* Products */ = {
			isa = PBXGroup;
			children = (
				74313A961EF7490E006A6053 /* MapPins.app */,
			);
			name = Products;
			sourceTree = "<group>";
		};
		74313A981EF7490E006A6053 /* MapPins */ = {
			isa = PBXGroup;
			children = (
				74313A991EF7490E006A6053 /* AppDelegate.swift */,
				74313A9B1EF7490E006A6053 /* ViewController.swift */,
				74313A9D1EF7490E006A6053 /* Main.storyboard */,
				74313AA01EF7490E006A6053 /* Assets.xcassets */,
				74313AA21EF7490E006A6053 /* LaunchScreen.storyboard */,
				74313AA51EF7490E006A6053 /* Info.plist */,
				74313AAB1EF762B5006A6053 /* Location.swift */,
				74313AAD1EF763C0006A6053 /* DataMananger.swift */,
			);
			path = MapPins;
			sourceTree = "<group>";
		};
/* End PBXGroup section */

/* Begin PBXNativeTarget section */
		74313A951EF7490E006A6053 /* MapPins */ = {
			isa = PBXNativeTarget;
			buildConfigurationList = 74313AA81EF7490E006A6053 /* Build configuration list for PBXNativeTarget "MapPins" */;
			buildPhases = (
				74313A921EF7490E006A6053 /* Sources */,
				74313A931EF7490E006A6053 /* Frameworks */,
				74313A941EF7490E006A6053 /* Resources */,
			);
			buildRules = (
			);
			dependencies = (
			);
			name = MapPins;
			productName = MapPins;
			productReference = 74313A961EF7490E006A6053 /* MapPins.app */;
			productType = "com.apple.product-type.application";
		};
/* End PBXNativeTarget section */

/* Begin PBXProject section */
		74313A8E1EF7490E006A6053 /* Project object */ = {
			isa = PBXProject;
			attributes = {
				LastSwiftUpdateCheck = 0830;
				LastUpgradeCheck = 0830;
				ORGANIZATIONNAME = ayako_sayama;
				TargetAttributes = {
					74313A951EF7490E006A6053 = {
						CreatedOnToolsVersion = 8.3.2;
						DevelopmentTeam = C3K7W93VDC;
						ProvisioningStyle = Automatic;
					};
				};
			};
			buildConfigurationList = 74313A911EF7490E006A6053 /* Build configuration list for PBXProject "MapPins" */;
			compatibilityVersion = "Xcode 3.2";
			developmentRegion = English;
			hasScannedForEncodings = 0;
			knownRegions = (
				en,
				Base,
			);
			mainGroup = 74313A8D1EF7490E006A6053;
			productRefGroup = 74313A971EF7490E006A6053 /* Products */;
			projectDirPath = "";
			projectRoot = "";
			targets = (
				74313A951EF7490E006A6053 /* MapPins */,
			);
		};
/* End PBXProject section */

/* Begin PBXResourcesBuildPhase section */
		74313A941EF7490E006A6053 /* Resources */ = {
			isa = PBXResourcesBuildPhase;
			buildActionMask = 2147483647;
			files = (
				74313AA41EF7490E006A6053 /* LaunchScreen.storyboard in Resources */,
				74313AA11EF7490E006A6053 /* Assets.xcassets in Resources */,
				74313A9F1EF7490E006A6053 /* Main.storyboard in Resources */,
			);
			runOnlyForDeploymentPostprocessing = 0;
		};
/* End PBXResourcesBuildPhase section */

/* Begin PBXSourcesBuildPhase section */
		74313A921EF7490E006A6053 /* Sources */ = {
			isa = PBXSourcesBuildPhase;
			buildActionMask = 2147483647;
			files = (
				74313AAE1EF763C0006A6053 /* DataMananger.swift in Sources */,
				74313A9C1EF7490E006A6053 /* ViewController.swift in Sources */,
				74313AAC1EF762B5006A6053 /* Location.swift in Sources */,
				74313A9A1EF7490E006A6053 /* AppDelegate.swift in Sources */,
			);
			runOnlyForDeploymentPostprocessing = 0;
		};
/* End PBXSourcesBuildPhase section */

/* Begin PBXVariantGroup section */
		74313A9D1EF7490E006A6053 /* Main.storyboard */ = {
			isa = PBXVariantGroup;
			children = (
				74313A9E1EF7490E006A6053 /* Base */,
			);
			name = Main.storyboard;
			sourceTree = "<group>";
		};
		74313AA21EF7490E006A6053 /* LaunchScreen.storyboard */ = {
			isa = PBXVariantGroup;
			children = (
				74313AA31EF7490E006A6053 /* Base */,
			);
			name = LaunchScreen.storyboard;
			sourceTree = "<group>";
		};
/* End PBXVariantGroup section */

/* Begin XCBuildConfiguration section */
		74313AA61EF7490E006A6053 /* Debug */ = {
			isa = XCBuildConfiguration;
			buildSettings = {
				ALWAYS_SEARCH_USER_PATHS = NO;
				CLANG_ANALYZER_NONNULL = YES;
				CLANG_ANALYZER_NUMBER_OBJECT_CONVERSION = YES_AGGRESSIVE;
				CLANG_CXX_LANGUAGE_STANDARD = "gnu++0x";
				CLANG_CXX_LIBRARY = "libc++";
				CLANG_ENABLE_MODULES = YES;
				CLANG_ENABLE_OBJC_ARC = YES;
				CLANG_WARN_BOOL_CONVERSION = YES;
				CLANG_WARN_CONSTANT_CONVERSION = YES;
				CLANG_WARN_DIRECT_OBJC_ISA_USAGE = YES_ERROR;
				CLANG_WARN_DOCUMENTATION_COMMENTS = YES;
				CLANG_WARN_EMPTY_BODY = YES;
				CLANG_WARN_ENUM_CONVERSION = YES;
				CLANG_WARN_INFINITE_RECURSION = YES;
				CLANG_WARN_INT_CONVERSION = YES;
				CLANG_WARN_OBJC_ROOT_CLASS = YES_ERROR;
				CLANG_WARN_SUSPICIOUS_MOVE = YES;
				CLANG_WARN_UNREACHABLE_CODE = YES;
				CLANG_WARN__DUPLICATE_METHOD_MATCH = YES;
				"CODE_SIGN_IDENTITY[sdk=iphoneos*]" = "iPhone Developer";
				COPY_PHASE_STRIP = NO;
				DEBUG_INFORMATION_FORMAT = dwarf;
				ENABLE_STRICT_OBJC_MSGSEND = YES;
				ENABLE_TESTABILITY = YES;
				GCC_C_LANGUAGE_STANDARD = gnu99;
				GCC_DYNAMIC_NO_PIC = NO;
				GCC_NO_COMMON_BLOCKS = YES;
				GCC_OPTIMIZATION_LEVEL = 0;
				GCC_PREPROCESSOR_DEFINITIONS = (
					"DEBUG=1",
					"$(inherited)",
				);
				GCC_WARN_64_TO_32_BIT_CONVERSION = YES;
				GCC_WARN_ABOUT_RETURN_TYPE = YES_ERROR;
				GCC_WARN_UNDECLARED_SELECTOR = YES;
				GCC_WARN_UNINITIALIZED_AUTOS = YES_AGGRESSIVE;
				GCC_WARN_UNUSED_FUNCTION = YES;
				GCC_WARN_UNUSED_VARIABLE = YES;
				IPHONEOS_DEPLOYMENT_TARGET = 10.3;
				MTL_ENABLE_DEBUG_INFO = YES;
				ONLY_ACTIVE_ARCH = YES;
				SDKROOT = iphoneos;
				SWIFT_ACTIVE_COMPILATION_CONDITIONS = DEBUG;
				SWIFT_OPTIMIZATION_LEVEL = "-Onone";
				TARGETED_DEVICE_FAMILY = "1,2";
			};
			name = Debug;
		};
		74313AA71EF7490E006A6053 /* Release */ = {
			isa = XCBuildConfiguration;
			buildSettings = {
				ALWAYS_SEARCH_USER_PATHS = NO;
				CLANG_ANALYZER_NONNULL = YES;
				CLANG_ANALYZER_NUMBER_OBJECT_CONVERSION = YES_AGGRESSIVE;
				CLANG_CXX_LANGUAGE_STANDARD = "gnu++0x";
				CLANG_CXX_LIBRARY = "libc++";
				CLANG_ENABLE_MODULES = YES;
				CLANG_ENABLE_OBJC_ARC = YES;
				CLANG_WARN_BOOL_CONVERSION = YES;
				CLANG_WARN_CONSTANT_CONVERSION = YES;
				CLANG_WARN_DIRECT_OBJC_ISA_USAGE = YES_ERROR;
				CLANG_WARN_DOCUMENTATION_COMMENTS = YES;
				CLANG_WARN_EMPTY_BODY = YES;
				CLANG_WARN_ENUM_CONVERSION = YES;
				CLANG_WARN_INFINITE_RECURSION = YES;
				CLANG_WARN_INT_CONVERSION = YES;
				CLANG_WARN_OBJC_ROOT_CLASS = YES_ERROR;
				CLANG_WARN_SUSPICIOUS_MOVE = YES;
				CLANG_WARN_UNREACHABLE_CODE = YES;
				CLANG_WARN__DUPLICATE_METHOD_MATCH = YES;
				"CODE_SIGN_IDENTITY[sdk=iphoneos*]" = "iPhone Developer";
				COPY_PHASE_STRIP = NO;
				DEBUG_INFORMATION_FORMAT = "dwarf-with-dsym";
				ENABLE_NS_ASSERTIONS = NO;
				ENABLE_STRICT_OBJC_MSGSEND = YES;
				GCC_C_LANGUAGE_STANDARD = gnu99;
				GCC_NO_COMMON_BLOCKS = YES;
				GCC_WARN_64_TO_32_BIT_CONVERSION = YES;
				GCC_WARN_ABOUT_RETURN_TYPE = YES_ERROR;
				GCC_WARN_UNDECLARED_SELECTOR = YES;
				GCC_WARN_UNINITIALIZED_AUTOS = YES_AGGRESSIVE;
				GCC_WARN_UNUSED_FUNCTION = YES;
				GCC_WARN_UNUSED_VARIABLE = YES;
				IPHONEOS_DEPLOYMENT_TARGET = 10.3;
				MTL_ENABLE_DEBUG_INFO = NO;
				SDKROOT = iphoneos;
				SWIFT_OPTIMIZATION_LEVEL = "-Owholemodule";
				TARGETED_DEVICE_FAMILY = "1,2";
				VALIDATE_PRODUCT = YES;
			};
			name = Release;
		};
		74313AA91EF7490E006A6053 /* Debug */ = {
			isa = XCBuildConfiguration;
			buildSettings = {
				ASSETCATALOG_COMPILER_APPICON_NAME = AppIcon;
				DEVELOPMENT_TEAM = C3K7W93VDC;
				INFOPLIST_FILE = MapPins/Info.plist;
				LD_RUNPATH_SEARCH_PATHS = "$(inherited) @executable_path/Frameworks";
				PRODUCT_BUNDLE_IDENTIFIER = com.ayakosayama.MapPins;
				PRODUCT_NAME = "$(TARGET_NAME)";
				SWIFT_VERSION = 3.0;
			};
			name = Debug;
		};
		74313AAA1EF7490E006A6053 /* Release */ = {
			isa = XCBuildConfiguration;
			buildSettings = {
				ASSETCATALOG_COMPILER_APPICON_NAME = AppIcon;
				DEVELOPMENT_TEAM = C3K7W93VDC;
				INFOPLIST_FILE = MapPins/Info.plist;
				LD_RUNPATH_SEARCH_PATHS = "$(inherited) @executable_path/Frameworks";
				PRODUCT_BUNDLE_IDENTIFIER = com.ayakosayama.MapPins;
				PRODUCT_NAME = "$(TARGET_NAME)";
				SWIFT_VERSION = 3.0;
			};
			name = Release;
		};
/* End XCBuildConfiguration section */

/* Begin XCConfigurationList section */
		74313A911EF7490E006A6053 /* Build configuration list for PBXProject "MapPins" */ = {
			isa = XCConfigurationList;
			buildConfigurations = (
				74313AA61EF7490E006A6053 /* Debug */,
				74313AA71EF7490E006A6053 /* Release */,
			);
			defaultConfigurationIsVisible = 0;
			defaultConfigurationName = Release;
		};
		74313AA81EF7490E006A6053 /* Build configuration list for PBXNativeTarget "MapPins" */ = {
			isa = XCConfigurationList;
			buildConfigurations = (
				74313AA91EF7490E006A6053 /* Debug */,
				74313AAA1EF7490E006A6053 /* Release */,
			);
			defaultConfigurationIsVisible = 0;
			defaultConfigurationName = Release;
		};
/* End XCConfigurationList section */
	};
	rootObject = 74313A8E1EF7490E006A6053 /* Project object */;
}
